// !$*UTF8*$!
{
	archiveVersion = 1;
	classes = {
	};
	objectVersion = 50;
	objects = {

/* Begin PBXBuildFile section */
		C30AE4A3264D9DDD0054325C /* EventListCoordinator.swift in Sources */ = {isa = PBXBuildFile; fileRef = C30AE4A2264D9DDD0054325C /* EventListCoordinator.swift */; };
		C30AE4A6264D9E9C0054325C /* EventListViewController.swift in Sources */ = {isa = PBXBuildFile; fileRef = C30AE4A5264D9E9C0054325C /* EventListViewController.swift */; };
		C30AE4A9264DA2290054325C /* UIColor+Extensions.swift in Sources */ = {isa = PBXBuildFile; fileRef = C30AE4A8264DA2290054325C /* UIColor+Extensions.swift */; };
		C35ECBAF264C7B4C0084B8E0 /* AppDelegate.swift in Sources */ = {isa = PBXBuildFile; fileRef = C35ECBAE264C7B4C0084B8E0 /* AppDelegate.swift */; };
		C35ECBB1264C7B4C0084B8E0 /* SceneDelegate.swift in Sources */ = {isa = PBXBuildFile; fileRef = C35ECBB0264C7B4C0084B8E0 /* SceneDelegate.swift */; };
		C35ECBB3264C7B4C0084B8E0 /* ViewController.swift in Sources */ = {isa = PBXBuildFile; fileRef = C35ECBB2264C7B4C0084B8E0 /* ViewController.swift */; };
		C35ECBB6264C7B4C0084B8E0 /* Main.storyboard in Resources */ = {isa = PBXBuildFile; fileRef = C35ECBB4264C7B4C0084B8E0 /* Main.storyboard */; };
		C35ECBB8264C7B4D0084B8E0 /* Assets.xcassets in Resources */ = {isa = PBXBuildFile; fileRef = C35ECBB7264C7B4D0084B8E0 /* Assets.xcassets */; };
		C35ECBBB264C7B4D0084B8E0 /* LaunchScreen.storyboard in Resources */ = {isa = PBXBuildFile; fileRef = C35ECBB9264C7B4D0084B8E0 /* LaunchScreen.storyboard */; };
		C3D767D6264C7BB100E88511 /* AppCoordinator.swift in Sources */ = {isa = PBXBuildFile; fileRef = C3D767D5264C7BB100E88511 /* AppCoordinator.swift */; };
/* End PBXBuildFile section */

/* Begin PBXFileReference section */
		C30AE4A2264D9DDD0054325C /* EventListCoordinator.swift */ = {isa = PBXFileReference; lastKnownFileType = sourcecode.swift; path = EventListCoordinator.swift; sourceTree = "<group>"; };
		C30AE4A5264D9E9C0054325C /* EventListViewController.swift */ = {isa = PBXFileReference; lastKnownFileType = sourcecode.swift; path = EventListViewController.swift; sourceTree = "<group>"; };
		C30AE4A8264DA2290054325C /* UIColor+Extensions.swift */ = {isa = PBXFileReference; lastKnownFileType = sourcecode.swift; path = "UIColor+Extensions.swift"; sourceTree = "<group>"; };
		C35ECBAB264C7B4C0084B8E0 /* EventsApp.app */ = {isa = PBXFileReference; explicitFileType = wrapper.application; includeInIndex = 0; path = EventsApp.app; sourceTree = BUILT_PRODUCTS_DIR; };
		C35ECBAE264C7B4C0084B8E0 /* AppDelegate.swift */ = {isa = PBXFileReference; lastKnownFileType = sourcecode.swift; path = AppDelegate.swift; sourceTree = "<group>"; };
		C35ECBB0264C7B4C0084B8E0 /* SceneDelegate.swift */ = {isa = PBXFileReference; lastKnownFileType = sourcecode.swift; path = SceneDelegate.swift; sourceTree = "<group>"; };
		C35ECBB2264C7B4C0084B8E0 /* ViewController.swift */ = {isa = PBXFileReference; lastKnownFileType = sourcecode.swift; path = ViewController.swift; sourceTree = "<group>"; };
		C35ECBB5264C7B4C0084B8E0 /* Base */ = {isa = PBXFileReference; lastKnownFileType = file.storyboard; name = Base; path = Base.lproj/Main.storyboard; sourceTree = "<group>"; };
		C35ECBB7264C7B4D0084B8E0 /* Assets.xcassets */ = {isa = PBXFileReference; lastKnownFileType = folder.assetcatalog; path = Assets.xcassets; sourceTree = "<group>"; };
		C35ECBBA264C7B4D0084B8E0 /* Base */ = {isa = PBXFileReference; lastKnownFileType = file.storyboard; name = Base; path = Base.lproj/LaunchScreen.storyboard; sourceTree = "<group>"; };
		C35ECBBC264C7B4D0084B8E0 /* Info.plist */ = {isa = PBXFileReference; lastKnownFileType = text.plist.xml; path = Info.plist; sourceTree = "<group>"; };
		C3D767D5264C7BB100E88511 /* AppCoordinator.swift */ = {isa = PBXFileReference; lastKnownFileType = sourcecode.swift; path = AppCoordinator.swift; sourceTree = "<group>"; };
/* End PBXFileReference section */

/* Begin PBXFrameworksBuildPhase section */
		C35ECBA8264C7B4C0084B8E0 /* Frameworks */ = {
			isa = PBXFrameworksBuildPhase;
			buildActionMask = 2147483647;
			files = (
			);
			runOnlyForDeploymentPostprocessing = 0;
		};
/* End PBXFrameworksBuildPhase section */

/* Begin PBXGroup section */
		C35ECBA2264C7B4C0084B8E0 = {
			isa = PBXGroup;
			children = (
				C35ECBAD264C7B4C0084B8E0 /* EventsApp */,
				C35ECBAC264C7B4C0084B8E0 /* Products */,
			);
			sourceTree = "<group>";
		};
		C35ECBAC264C7B4C0084B8E0 /* Products */ = {
			isa = PBXGroup;
			children = (
				C35ECBAB264C7B4C0084B8E0 /* EventsApp.app */,
			);
			name = Products;
			sourceTree = "<group>";
		};
		C35ECBAD264C7B4C0084B8E0 /* EventsApp */ = {
			isa = PBXGroup;
			children = (
				C35ECBAE264C7B4C0084B8E0 /* AppDelegate.swift */,
				C35ECBB0264C7B4C0084B8E0 /* SceneDelegate.swift */,
				C35ECBB2264C7B4C0084B8E0 /* ViewController.swift */,
				C35ECBB4264C7B4C0084B8E0 /* Main.storyboard */,
				C35ECBB7264C7B4D0084B8E0 /* Assets.xcassets */,
				C35ECBB9264C7B4D0084B8E0 /* LaunchScreen.storyboard */,
				C35ECBBC264C7B4D0084B8E0 /* Info.plist */,
				C3D767D5264C7BB100E88511 /* AppCoordinator.swift */,
				C30AE4A2264D9DDD0054325C /* EventListCoordinator.swift */,
				C30AE4A5264D9E9C0054325C /* EventListViewController.swift */,
				C30AE4A8264DA2290054325C /* UIColor+Extensions.swift */,
			);
			path = EventsApp;
			sourceTree = "<group>";
		};
/* End PBXGroup section */

/* Begin PBXNativeTarget section */
		C35ECBAA264C7B4C0084B8E0 /* EventsApp */ = {
			isa = PBXNativeTarget;
			buildConfigurationList = C35ECBBF264C7B4D0084B8E0 /* Build configuration list for PBXNativeTarget "EventsApp" */;
			buildPhases = (
				C35ECBA7264C7B4C0084B8E0 /* Sources */,
				C35ECBA8264C7B4C0084B8E0 /* Frameworks */,
				C35ECBA9264C7B4C0084B8E0 /* Resources */,
			);
			buildRules = (
			);
			dependencies = (
			);
			name = EventsApp;
			productName = EventsApp;
			productReference = C35ECBAB264C7B4C0084B8E0 /* EventsApp.app */;
			productType = "com.apple.product-type.application";
		};
/* End PBXNativeTarget section */

/* Begin PBXProject section */
		C35ECBA3264C7B4C0084B8E0 /* Project object */ = {
			isa = PBXProject;
			attributes = {
				LastSwiftUpdateCheck = 1240;
				LastUpgradeCheck = 1240;
				TargetAttributes = {
					C35ECBAA264C7B4C0084B8E0 = {
						CreatedOnToolsVersion = 12.4;
					};
				};
			};
			buildConfigurationList = C35ECBA6264C7B4C0084B8E0 /* Build configuration list for PBXProject "EventsApp" */;
			compatibilityVersion = "Xcode 9.3";
			developmentRegion = en;
			hasScannedForEncodings = 0;
			knownRegions = (
				en,
				Base,
			);
			mainGroup = C35ECBA2264C7B4C0084B8E0;
			productRefGroup = C35ECBAC264C7B4C0084B8E0 /* Products */;
			projectDirPath = "";
			projectRoot = "";
			targets = (
				C35ECBAA264C7B4C0084B8E0 /* EventsApp */,
			);
		};
/* End PBXProject section */

/* Begin PBXResourcesBuildPhase section */
		C35ECBA9264C7B4C0084B8E0 /* Resources */ = {
			isa = PBXResourcesBuildPhase;
			buildActionMask = 2147483647;
			files = (
				C35ECBBB264C7B4D0084B8E0 /* LaunchScreen.storyboard in Resources */,
				C35ECBB8264C7B4D0084B8E0 /* Assets.xcassets in Resources */,
				C35ECBB6264C7B4C0084B8E0 /* Main.storyboard in Resources */,
			);
			runOnlyForDeploymentPostprocessing = 0;
		};
/* End PBXResourcesBuildPhase section */

/* Begin PBXSourcesBuildPhase section */
		C35ECBA7264C7B4C0084B8E0 /* Sources */ = {
			isa = PBXSourcesBuildPhase;
			buildActionMask = 2147483647;
			files = (
				C3D767D6264C7BB100E88511 /* AppCoordinator.swift in Sources */,
				C30AE4A6264D9E9C0054325C /* EventListViewController.swift in Sources */,
				C35ECBB3264C7B4C0084B8E0 /* ViewController.swift in Sources */,
				C35ECBAF264C7B4C0084B8E0 /* AppDelegate.swift in Sources */,
				C30AE4A9264DA2290054325C /* UIColor+Extensions.swift in Sources */,
				C35ECBB1264C7B4C0084B8E0 /* SceneDelegate.swift in Sources */,
				C30AE4A3264D9DDD0054325C /* EventListCoordinator.swift in Sources */,
			);
			runOnlyForDeploymentPostprocessing = 0;
		};
/* End PBXSourcesBuildPhase section */

/* Begin PBXVariantGroup section */
		C35ECBB4264C7B4C0084B8E0 /* Main.storyboard */ = {
			isa = PBXVariantGroup;
			children = (
				C35ECBB5264C7B4C0084B8E0 /* Base */,
			);
			name = Main.storyboard;
			sourceTree = "<group>";
		};
		C35ECBB9264C7B4D0084B8E0 /* LaunchScreen.storyboard */ = {
			isa = PBXVariantGroup;
			children = (
				C35ECBBA264C7B4D0084B8E0 /* Base */,
			);
			name = LaunchScreen.storyboard;
			sourceTree = "<group>";
		};
/* End PBXVariantGroup section */

/* Begin XCBuildConfiguration section */
		C35ECBBD264C7B4D0084B8E0 /* Debug */ = {
			isa = XCBuildConfiguration;
			buildSettings = {
				ALWAYS_SEARCH_USER_PATHS = NO;
				CLANG_ANALYZER_NONNULL = YES;
				CLANG_ANALYZER_NUMBER_OBJECT_CONVERSION = YES_AGGRESSIVE;
				CLANG_CXX_LANGUAGE_STANDARD = "gnu++14";
				CLANG_CXX_LIBRARY = "libc++";
				CLANG_ENABLE_MODULES = YES;
				CLANG_ENABLE_OBJC_ARC = YES;
				CLANG_ENABLE_OBJC_WEAK = YES;
				CLANG_WARN_BLOCK_CAPTURE_AUTORELEASING = YES;
				CLANG_WARN_BOOL_CONVERSION = YES;
				CLANG_WARN_COMMA = YES;
				CLANG_WARN_CONSTANT_CONVERSION = YES;
				CLANG_WARN_DEPRECATED_OBJC_IMPLEMENTATIONS = YES;
				CLANG_WARN_DIRECT_OBJC_ISA_USAGE = YES_ERROR;
				CLANG_WARN_DOCUMENTATION_COMMENTS = YES;
				CLANG_WARN_EMPTY_BODY = YES;
				CLANG_WARN_ENUM_CONVERSION = YES;
				CLANG_WARN_INFINITE_RECURSION = YES;
				CLANG_WARN_INT_CONVERSION = YES;
				CLANG_WARN_NON_LITERAL_NULL_CONVERSION = YES;
				CLANG_WARN_OBJC_IMPLICIT_RETAIN_SELF = YES;
				CLANG_WARN_OBJC_LITERAL_CONVERSION = YES;
				CLANG_WARN_OBJC_ROOT_CLASS = YES_ERROR;
				CLANG_WARN_QUOTED_INCLUDE_IN_FRAMEWORK_HEADER = YES;
				CLANG_WARN_RANGE_LOOP_ANALYSIS = YES;
				CLANG_WARN_STRICT_PROTOTYPES = YES;
				CLANG_WARN_SUSPICIOUS_MOVE = YES;
				CLANG_WARN_UNGUARDED_AVAILABILITY = YES_AGGRESSIVE;
				CLANG_WARN_UNREACHABLE_CODE = YES;
				CLANG_WARN__DUPLICATE_METHOD_MATCH = YES;
				COPY_PHASE_STRIP = NO;
				DEBUG_INFORMATION_FORMAT = dwarf;
				ENABLE_STRICT_OBJC_MSGSEND = YES;
				ENABLE_TESTABILITY = YES;
				GCC_C_LANGUAGE_STANDARD = gnu11;
				GCC_DYNAMIC_NO_PIC = NO;
				GCC_NO_COMMON_BLOCKS = YES;
				GCC_OPTIMIZATION_LEVEL = 0;
				GCC_PREPROCESSOR_DEFINITIONS = (
					"DEBUG=1",
					"$(inherited)",
				);
				GCC_WARN_64_TO_32_BIT_CONVERSION = YES;
				GCC_WARN_ABOUT_RETURN_TYPE = YES_ERROR;
				GCC_WARN_UNDECLARED_SELECTOR = YES;
				GCC_WARN_UNINITIALIZED_AUTOS = YES_AGGRESSIVE;
				GCC_WARN_UNUSED_FUNCTION = YES;
				GCC_WARN_UNUSED_VARIABLE = YES;
				IPHONEOS_DEPLOYMENT_TARGET = 14.4;
				MTL_ENABLE_DEBUG_INFO = INCLUDE_SOURCE;
				MTL_FAST_MATH = YES;
				ONLY_ACTIVE_ARCH = YES;
				SDKROOT = iphoneos;
				SWIFT_ACTIVE_COMPILATION_CONDITIONS = DEBUG;
				SWIFT_OPTIMIZATION_LEVEL = "-Onone";
			};
			name = Debug;
		};
		C35ECBBE264C7B4D0084B8E0 /* Release */ = {
			isa = XCBuildConfiguration;
			buildSettings = {
				ALWAYS_SEARCH_USER_PATHS = NO;
				CLANG_ANALYZER_NONNULL = YES;
				CLANG_ANALYZER_NUMBER_OBJECT_CONVERSION = YES_AGGRESSIVE;
				CLANG_CXX_LANGUAGE_STANDARD = "gnu++14";
				CLANG_CXX_LIBRARY = "libc++";
				CLANG_ENABLE_MODULES = YES;
				CLANG_ENABLE_OBJC_ARC = YES;
				CLANG_ENABLE_OBJC_WEAK = YES;
				CLANG_WARN_BLOCK_CAPTURE_AUTORELEASING = YES;
				CLANG_WARN_BOOL_CONVERSION = YES;
				CLANG_WARN_COMMA = YES;
				CLANG_WARN_CONSTANT_CONVERSION = YES;
				CLANG_WARN_DEPRECATED_OBJC_IMPLEMENTATIONS = YES;
				CLANG_WARN_DIRECT_OBJC_ISA_USAGE = YES_ERROR;
				CLANG_WARN_DOCUMENTATION_COMMENTS = YES;
				CLANG_WARN_EMPTY_BODY = YES;
				CLANG_WARN_ENUM_CONVERSION = YES;
				CLANG_WARN_INFINITE_RECURSION = YES;
				CLANG_WARN_INT_CONVERSION = YES;
				CLANG_WARN_NON_LITERAL_NULL_CONVERSION = YES;
				CLANG_WARN_OBJC_IMPLICIT_RETAIN_SELF = YES;
				CLANG_WARN_OBJC_LITERAL_CONVERSION = YES;
				CLANG_WARN_OBJC_ROOT_CLASS = YES_ERROR;
				CLANG_WARN_QUOTED_INCLUDE_IN_FRAMEWORK_HEADER = YES;
				CLANG_WARN_RANGE_LOOP_ANALYSIS = YES;
				CLANG_WARN_STRICT_PROTOTYPES = YES;
				CLANG_WARN_SUSPICIOUS_MOVE = YES;
				CLANG_WARN_UNGUARDED_AVAILABILITY = YES_AGGRESSIVE;
				CLANG_WARN_UNREACHABLE_CODE = YES;
				CLANG_WARN__DUPLICATE_METHOD_MATCH = YES;
				COPY_PHASE_STRIP = NO;
				DEBUG_INFORMATION_FORMAT = "dwarf-with-dsym";
				ENABLE_NS_ASSERTIONS = NO;
				ENABLE_STRICT_OBJC_MSGSEND = YES;
				GCC_C_LANGUAGE_STANDARD = gnu11;
				GCC_NO_COMMON_BLOCKS = YES;
				GCC_WARN_64_TO_32_BIT_CONVERSION = YES;
				GCC_WARN_ABOUT_RETURN_TYPE = YES_ERROR;
				GCC_WARN_UNDECLARED_SELECTOR = YES;
				GCC_WARN_UNINITIALIZED_AUTOS = YES_AGGRESSIVE;
				GCC_WARN_UNUSED_FUNCTION = YES;
				GCC_WARN_UNUSED_VARIABLE = YES;
				IPHONEOS_DEPLOYMENT_TARGET = 14.4;
				MTL_ENABLE_DEBUG_INFO = NO;
				MTL_FAST_MATH = YES;
				SDKROOT = iphoneos;
				SWIFT_COMPILATION_MODE = wholemodule;
				SWIFT_OPTIMIZATION_LEVEL = "-O";
				VALIDATE_PRODUCT = YES;
			};
			name = Release;
		};
		C35ECBC0264C7B4D0084B8E0 /* Debug */ = {
			isa = XCBuildConfiguration;
			buildSettings = {
				ASSETCATALOG_COMPILER_APPICON_NAME = AppIcon;
				ASSETCATALOG_COMPILER_GLOBAL_ACCENT_COLOR_NAME = AccentColor;
				CODE_SIGN_STYLE = Automatic;
				DEVELOPMENT_TEAM = SU6WPREK6M;
				INFOPLIST_FILE = EventsApp/Info.plist;
				LD_RUNPATH_SEARCH_PATHS = (
					"$(inherited)",
					"@executable_path/Frameworks",
				);
				PRODUCT_BUNDLE_IDENTIFIER = com.rarguelles.EventsApp;
				PRODUCT_NAME = "$(TARGET_NAME)";
				SWIFT_VERSION = 5.0;
				TARGETED_DEVICE_FAMILY = "1,2";
			};
			name = Debug;
		};
		C35ECBC1264C7B4D0084B8E0 /* Release */ = {
			isa = XCBuildConfiguration;
			buildSettings = {
				ASSETCATALOG_COMPILER_APPICON_NAME = AppIcon;
				ASSETCATALOG_COMPILER_GLOBAL_ACCENT_COLOR_NAME = AccentColor;
				CODE_SIGN_STYLE = Automatic;
				DEVELOPMENT_TEAM = SU6WPREK6M;
				INFOPLIST_FILE = EventsApp/Info.plist;
				LD_RUNPATH_SEARCH_PATHS = (
					"$(inherited)",
					"@executable_path/Frameworks",
				);
				PRODUCT_BUNDLE_IDENTIFIER = com.rarguelles.EventsApp;
				PRODUCT_NAME = "$(TARGET_NAME)";
				SWIFT_VERSION = 5.0;
				TARGETED_DEVICE_FAMILY = "1,2";
			};
			name = Release;
		};
/* End XCBuildConfiguration section */

/* Begin XCConfigurationList section */
		C35ECBA6264C7B4C0084B8E0 /* Build configuration list for PBXProject "EventsApp" */ = {
			isa = XCConfigurationList;
			buildConfigurations = (
				C35ECBBD264C7B4D0084B8E0 /* Debug */,
				C35ECBBE264C7B4D0084B8E0 /* Release */,
			);
			defaultConfigurationIsVisible = 0;
			defaultConfigurationName = Release;
		};
		C35ECBBF264C7B4D0084B8E0 /* Build configuration list for PBXNativeTarget "EventsApp" */ = {
			isa = XCConfigurationList;
			buildConfigurations = (
				C35ECBC0264C7B4D0084B8E0 /* Debug */,
				C35ECBC1264C7B4D0084B8E0 /* Release */,
			);
			defaultConfigurationIsVisible = 0;
			defaultConfigurationName = Release;
		};
/* End XCConfigurationList section */
	};
	rootObject = C35ECBA3264C7B4C0084B8E0 /* Project object */;
}
